PODS:
  - Alamofire (4.8.0)
  - GPUImage (0.1.7)
  - Moya (12.0.1):
    - Moya/Core (= 12.0.1)
  - Moya/Core (12.0.1):
    - Alamofire (~> 4.1)
    - Result (~> 4.0)
  - Result (4.0.0)
  - SideMenu (5.0.3)
  - SnapKit (4.2.0)

DEPENDENCIES:
  - Alamofire
  - GPUImage
  - Moya
  - SideMenu
  - SnapKit

SPEC REPOS:
  https://github.com/cocoapods/specs.git:
    - Alamofire
    - GPUImage
    - Moya
    - Result
    - SideMenu
    - SnapKit

SPEC CHECKSUMS:
  Alamofire: 3ec537f71edc9804815215393ae2b1a8ea33a844
  GPUImage: 733a5f0fab92df9de1c37ba9df520a833ccb406d
  Moya: cf730b3cd9e005401ef37a85143aa141a12fd38f
  Result: 7645bb3f50c2ce726dd0ff2fa7b6f42bbe6c3713
  SideMenu: 1dcaabce84538c53325c287f7fe62999379a641c
  SnapKit: fe8a619752f3f27075cc9a90244d75c6c3f27e2a

PODFILE CHECKSUM: 16fef61f7ac308bc9abf5762f79e7c9dce753590

COCOAPODS: 1.5.3
