PODS:
  - Alamofire (4.8.0)
  - Moya (12.0.1):
    - Moya/Core (= 12.0.1)
  - Moya/Core (12.0.1):
    - Alamofire (~> 4.1)
    - Result (~> 4.0)
  - Result (4.0.0)
  - SnapKit (4.2.0)
  - UIImageColors (2.0.1)

DEPENDENCIES:
  - Alamofire
  - Moya
  - SnapKit
  - UIImageColors

SPEC REPOS:
  https://github.com/cocoapods/specs.git:
    - Alamofire
    - Moya
    - Result
    - SnapKit
    - UIImageColors

SPEC CHECKSUMS:
  Alamofire: 3ec537f71edc9804815215393ae2b1a8ea33a844
  Moya: cf730b3cd9e005401ef37a85143aa141a12fd38f
  Result: 7645bb3f50c2ce726dd0ff2fa7b6f42bbe6c3713
  SnapKit: fe8a619752f3f27075cc9a90244d75c6c3f27e2a
  UIImageColors: c83669aff7ceb55a3b3f2c398f3b5c14632a267b

PODFILE CHECKSUM: 01ac683b26de301887c0991f5f86e2a2f81fe8b4

COCOAPODS: 1.5.3
