// !$*UTF8*$!
{
	archiveVersion = 1;
	classes = {
	};
	objectVersion = 50;
	objects = {

/* Begin PBXBuildFile section */
		030F2A8C21FC7E690066AEAC /* FilterCollectionViewCell.swift in Sources */ = {isa = PBXBuildFile; fileRef = 030F2A8A21FC7E690066AEAC /* FilterCollectionViewCell.swift */; };
		030F2A9921FC94960066AEAC /* FilterCollection.storyboard in Resources */ = {isa = PBXBuildFile; fileRef = 030F2A9821FC94960066AEAC /* FilterCollection.storyboard */; };
		030F2A9B21FC95670066AEAC /* FilterCollectionViewController.swift in Sources */ = {isa = PBXBuildFile; fileRef = 030F2A9A21FC95670066AEAC /* FilterCollectionViewController.swift */; };
		034230642209F7F6003CC91C /* MyFilterCategory.storyboard in Resources */ = {isa = PBXBuildFile; fileRef = 034230632209F7F6003CC91C /* MyFilterCategory.storyboard */; };
		03423066220A0482003CC91C /* MyFilterCategoryViewController.swift in Sources */ = {isa = PBXBuildFile; fileRef = 03423065220A0482003CC91C /* MyFilterCategoryViewController.swift */; };
		03423068220A0A4F003CC91C /* MyFilterCategoryCollectionViewCell.swift in Sources */ = {isa = PBXBuildFile; fileRef = 03423067220A0A4F003CC91C /* MyFilterCategoryCollectionViewCell.swift */; };
		03896F17221B0097003637C8 /* RegisterEmailViewController.swift in Sources */ = {isa = PBXBuildFile; fileRef = 03896F16221B0097003637C8 /* RegisterEmailViewController.swift */; };
		03896F19221B03D4003637C8 /* RegisterPasswordViewController.swift in Sources */ = {isa = PBXBuildFile; fileRef = 03896F18221B03D4003637C8 /* RegisterPasswordViewController.swift */; };
		03896F1D221B0419003637C8 /* RegisterNicknameViewController.swift in Sources */ = {isa = PBXBuildFile; fileRef = 03896F1C221B0419003637C8 /* RegisterNicknameViewController.swift */; };
		03896F1F221B0483003637C8 /* RegisterPasswordCheckViewController.swift in Sources */ = {isa = PBXBuildFile; fileRef = 03896F1E221B0483003637C8 /* RegisterPasswordCheckViewController.swift */; };
		03896F21221B04AF003637C8 /* RegisterEmailCheckViewController.swift in Sources */ = {isa = PBXBuildFile; fileRef = 03896F20221B04AF003637C8 /* RegisterEmailCheckViewController.swift */; };
		03D28F2922082FBB007C8B15 /* DimmedView.swift in Sources */ = {isa = PBXBuildFile; fileRef = 03D28F2822082FBB007C8B15 /* DimmedView.swift */; };
		63D6211721DFA88000EF4059 /* CameraViewController.swift in Sources */ = {isa = PBXBuildFile; fileRef = 63D6211621DFA88000EF4059 /* CameraViewController.swift */; };
		B815C658220B5977003885C0 /* UserFiltersTableViewCell.swift in Sources */ = {isa = PBXBuildFile; fileRef = B815C657220B5977003885C0 /* UserFiltersTableViewCell.swift */; };
		B8365F1E2219D36C00BA255C /* FilterList.storyboard in Resources */ = {isa = PBXBuildFile; fileRef = B8365F1D2219D36C00BA255C /* FilterList.storyboard */; };
		B8365F202219D39500BA255C /* FilterListViewController.swift in Sources */ = {isa = PBXBuildFile; fileRef = B8365F1F2219D39500BA255C /* FilterListViewController.swift */; };
		B8365F222219DF4000BA255C /* FilterTableViewCell.swift in Sources */ = {isa = PBXBuildFile; fileRef = B8365F212219DF4000BA255C /* FilterTableViewCell.swift */; };
		B84ECF44220B29EE00B11954 /* Feed.storyboard in Resources */ = {isa = PBXBuildFile; fileRef = B84ECF43220B29EE00B11954 /* Feed.storyboard */; };
		B84ECF46220B2A1D00B11954 /* FeedViewController.swift in Sources */ = {isa = PBXBuildFile; fileRef = B84ECF45220B2A1D00B11954 /* FeedViewController.swift */; };
		B8DACC7A21F875B7006B6AE2 /* Library.storyboard in Resources */ = {isa = PBXBuildFile; fileRef = B8DACC7921F875B7006B6AE2 /* Library.storyboard */; };
		B8DACC7C21F875DF006B6AE2 /* LibraryViewController.swift in Sources */ = {isa = PBXBuildFile; fileRef = B8DACC7B21F875DF006B6AE2 /* LibraryViewController.swift */; };
		B8FF0F64221B0EE300BA72CB /* RoundImageView.swift in Sources */ = {isa = PBXBuildFile; fileRef = B8FF0F63221B0EE300BA72CB /* RoundImageView.swift */; };
		D1D41A82D695DE76E564E0B5 /* Pods_pream.framework in Frameworks */ = {isa = PBXBuildFile; fileRef = 68EF6112755CBDA5CC865C20 /* Pods_pream.framework */; };
		EF099753221B03BD00DD29D3 /* FilterSetting.storyboard in Resources */ = {isa = PBXBuildFile; fileRef = EF099752221B03BD00DD29D3 /* FilterSetting.storyboard */; };
		EF099755221B0CA900DD29D3 /* FilterSettingViewController.swift in Sources */ = {isa = PBXBuildFile; fileRef = EF099754221B0CA900DD29D3 /* FilterSettingViewController.swift */; };
		EF099757221B126D00DD29D3 /* UIView+Extension.swift in Sources */ = {isa = PBXBuildFile; fileRef = EF099756221B126D00DD29D3 /* UIView+Extension.swift */; };
		EF099759221B140500DD29D3 /* TextInputDimedViewController.swift in Sources */ = {isa = PBXBuildFile; fileRef = EF099758221B140500DD29D3 /* TextInputDimedViewController.swift */; };
		EFB5A1C521E21E3400802F7E /* BlurView.swift in Sources */ = {isa = PBXBuildFile; fileRef = EFB5A1C421E21E3400802F7E /* BlurView.swift */; };
		EFB5A1C821E2212A00802F7E /* Login.storyboard in Resources */ = {isa = PBXBuildFile; fileRef = EFB5A1C721E2212A00802F7E /* Login.storyboard */; };
		EFB5A1CA21E2213700802F7E /* LoginViewController.swift in Sources */ = {isa = PBXBuildFile; fileRef = EFB5A1C921E2213700802F7E /* LoginViewController.swift */; };
		EFB5A1D121E2293A00802F7E /* UIView+ConvertImage.swift in Sources */ = {isa = PBXBuildFile; fileRef = EFB5A1D021E2293A00802F7E /* UIView+ConvertImage.swift */; };
		EFB5A1D321E22D1700802F7E /* KeyboardViewController.swift in Sources */ = {isa = PBXBuildFile; fileRef = EFB5A1D221E22D1700802F7E /* KeyboardViewController.swift */; };
		EFB5A1D921EE36A800802F7E /* Colors.xcassets in Resources */ = {isa = PBXBuildFile; fileRef = EFB5A1D821EE36A800802F7E /* Colors.xcassets */; };
		EFC8AC9C21FC741F004B940A /* PresentError.swift in Sources */ = {isa = PBXBuildFile; fileRef = EFC8AC9B21FC741F004B940A /* PresentError.swift */; };
		EFC8AC9E21FC75CB004B940A /* UIView+FindViewController.swift in Sources */ = {isa = PBXBuildFile; fileRef = EFC8AC9D21FC75CB004B940A /* UIView+FindViewController.swift */; };
		EFDEA173221466FB00B683B9 /* UIImage+Crop.swift in Sources */ = {isa = PBXBuildFile; fileRef = EFDEA172221466FB00B683B9 /* UIImage+Crop.swift */; };
		EFE3801921FCF83700CB2DDF /* UIColor+ColorPicker.swift in Sources */ = {isa = PBXBuildFile; fileRef = EFE3801821FCF83700CB2DDF /* UIColor+ColorPicker.swift */; };
		EFEAE9C821DE3CAA00B7CCA8 /* AppDelegate.swift in Sources */ = {isa = PBXBuildFile; fileRef = EFEAE9C721DE3CAA00B7CCA8 /* AppDelegate.swift */; };
		EFEAE9CD21DE3CAA00B7CCA8 /* Main.storyboard in Resources */ = {isa = PBXBuildFile; fileRef = EFEAE9CB21DE3CAA00B7CCA8 /* Main.storyboard */; };
		EFEAE9CF21DE3CAC00B7CCA8 /* Assets.xcassets in Resources */ = {isa = PBXBuildFile; fileRef = EFEAE9CE21DE3CAC00B7CCA8 /* Assets.xcassets */; };
		EFEAE9D221DE3CAC00B7CCA8 /* LaunchScreen.storyboard in Resources */ = {isa = PBXBuildFile; fileRef = EFEAE9D021DE3CAC00B7CCA8 /* LaunchScreen.storyboard */; };
		EFEAE9DD21E20F3000B7CCA8 /* RoundView.swift in Sources */ = {isa = PBXBuildFile; fileRef = EFEAE9DC21E20F3000B7CCA8 /* RoundView.swift */; };
		EFEAE9DF21E20F8600B7CCA8 /* RoundButton.swift in Sources */ = {isa = PBXBuildFile; fileRef = EFEAE9DE21E20F8600B7CCA8 /* RoundButton.swift */; };
		EFEAE9E321E2160C00B7CCA8 /* Log.swift in Sources */ = {isa = PBXBuildFile; fileRef = EFEAE9E221E2160C00B7CCA8 /* Log.swift */; };
		EFF00E122208491500865921 /* GPUImageBeautifyFilter.m in Sources */ = {isa = PBXBuildFile; fileRef = EFF00E112208491500865921 /* GPUImageBeautifyFilter.m */; };
		EFF00E35221457BD00865921 /* CameraRatio.swift in Sources */ = {isa = PBXBuildFile; fileRef = EFF00E34221457BD00865921 /* CameraRatio.swift */; };
/* End PBXBuildFile section */

/* Begin PBXFileReference section */
		030F2A8A21FC7E690066AEAC /* FilterCollectionViewCell.swift */ = {isa = PBXFileReference; lastKnownFileType = sourcecode.swift; path = FilterCollectionViewCell.swift; sourceTree = "<group>"; };
		030F2A9821FC94960066AEAC /* FilterCollection.storyboard */ = {isa = PBXFileReference; lastKnownFileType = file.storyboard; path = FilterCollection.storyboard; sourceTree = "<group>"; };
		030F2A9A21FC95670066AEAC /* FilterCollectionViewController.swift */ = {isa = PBXFileReference; lastKnownFileType = sourcecode.swift; path = FilterCollectionViewController.swift; sourceTree = "<group>"; };
		034230632209F7F6003CC91C /* MyFilterCategory.storyboard */ = {isa = PBXFileReference; lastKnownFileType = file.storyboard; path = MyFilterCategory.storyboard; sourceTree = "<group>"; };
		03423065220A0482003CC91C /* MyFilterCategoryViewController.swift */ = {isa = PBXFileReference; lastKnownFileType = sourcecode.swift; path = MyFilterCategoryViewController.swift; sourceTree = "<group>"; };
		03423067220A0A4F003CC91C /* MyFilterCategoryCollectionViewCell.swift */ = {isa = PBXFileReference; lastKnownFileType = sourcecode.swift; path = MyFilterCategoryCollectionViewCell.swift; sourceTree = "<group>"; };
		03896F16221B0097003637C8 /* RegisterEmailViewController.swift */ = {isa = PBXFileReference; lastKnownFileType = sourcecode.swift; path = RegisterEmailViewController.swift; sourceTree = "<group>"; };
		03896F18221B03D4003637C8 /* RegisterPasswordViewController.swift */ = {isa = PBXFileReference; lastKnownFileType = sourcecode.swift; path = RegisterPasswordViewController.swift; sourceTree = "<group>"; };
		03896F1C221B0419003637C8 /* RegisterNicknameViewController.swift */ = {isa = PBXFileReference; lastKnownFileType = sourcecode.swift; path = RegisterNicknameViewController.swift; sourceTree = "<group>"; };
		03896F1E221B0483003637C8 /* RegisterPasswordCheckViewController.swift */ = {isa = PBXFileReference; lastKnownFileType = sourcecode.swift; path = RegisterPasswordCheckViewController.swift; sourceTree = "<group>"; };
		03896F20221B04AF003637C8 /* RegisterEmailCheckViewController.swift */ = {isa = PBXFileReference; lastKnownFileType = sourcecode.swift; path = RegisterEmailCheckViewController.swift; sourceTree = "<group>"; };
		03D28F2822082FBB007C8B15 /* DimmedView.swift */ = {isa = PBXFileReference; lastKnownFileType = sourcecode.swift; path = DimmedView.swift; sourceTree = "<group>"; };
		3CBFE07F816140D178519767 /* Pods-pream.debug.xcconfig */ = {isa = PBXFileReference; includeInIndex = 1; lastKnownFileType = text.xcconfig; name = "Pods-pream.debug.xcconfig"; path = "Pods/Target Support Files/Pods-pream/Pods-pream.debug.xcconfig"; sourceTree = "<group>"; };
		63D6211621DFA88000EF4059 /* CameraViewController.swift */ = {isa = PBXFileReference; lastKnownFileType = sourcecode.swift; path = CameraViewController.swift; sourceTree = "<group>"; };
		640295087D8A7D1B2B6F7153 /* Pods-pream.release.xcconfig */ = {isa = PBXFileReference; includeInIndex = 1; lastKnownFileType = text.xcconfig; name = "Pods-pream.release.xcconfig"; path = "Pods/Target Support Files/Pods-pream/Pods-pream.release.xcconfig"; sourceTree = "<group>"; };
		68EF6112755CBDA5CC865C20 /* Pods_pream.framework */ = {isa = PBXFileReference; explicitFileType = wrapper.framework; includeInIndex = 0; path = Pods_pream.framework; sourceTree = BUILT_PRODUCTS_DIR; };
		B815C657220B5977003885C0 /* UserFiltersTableViewCell.swift */ = {isa = PBXFileReference; lastKnownFileType = sourcecode.swift; path = UserFiltersTableViewCell.swift; sourceTree = "<group>"; };
		B8365F1D2219D36C00BA255C /* FilterList.storyboard */ = {isa = PBXFileReference; lastKnownFileType = file.storyboard; path = FilterList.storyboard; sourceTree = "<group>"; };
		B8365F1F2219D39500BA255C /* FilterListViewController.swift */ = {isa = PBXFileReference; lastKnownFileType = sourcecode.swift; path = FilterListViewController.swift; sourceTree = "<group>"; };
		B8365F212219DF4000BA255C /* FilterTableViewCell.swift */ = {isa = PBXFileReference; lastKnownFileType = sourcecode.swift; path = FilterTableViewCell.swift; sourceTree = "<group>"; };
		B84ECF43220B29EE00B11954 /* Feed.storyboard */ = {isa = PBXFileReference; lastKnownFileType = file.storyboard; path = Feed.storyboard; sourceTree = "<group>"; };
		B84ECF45220B2A1D00B11954 /* FeedViewController.swift */ = {isa = PBXFileReference; lastKnownFileType = sourcecode.swift; path = FeedViewController.swift; sourceTree = "<group>"; };
		B8DACC7921F875B7006B6AE2 /* Library.storyboard */ = {isa = PBXFileReference; lastKnownFileType = file.storyboard; path = Library.storyboard; sourceTree = "<group>"; };
		B8DACC7B21F875DF006B6AE2 /* LibraryViewController.swift */ = {isa = PBXFileReference; lastKnownFileType = sourcecode.swift; path = LibraryViewController.swift; sourceTree = "<group>"; };
		B8FF0F63221B0EE300BA72CB /* RoundImageView.swift */ = {isa = PBXFileReference; lastKnownFileType = sourcecode.swift; path = RoundImageView.swift; sourceTree = "<group>"; };
		EF099752221B03BD00DD29D3 /* FilterSetting.storyboard */ = {isa = PBXFileReference; lastKnownFileType = file.storyboard; path = FilterSetting.storyboard; sourceTree = "<group>"; };
		EF099754221B0CA900DD29D3 /* FilterSettingViewController.swift */ = {isa = PBXFileReference; lastKnownFileType = sourcecode.swift; path = FilterSettingViewController.swift; sourceTree = "<group>"; };
		EF099756221B126D00DD29D3 /* UIView+Extension.swift */ = {isa = PBXFileReference; fileEncoding = 4; lastKnownFileType = sourcecode.swift; path = "UIView+Extension.swift"; sourceTree = "<group>"; };
		EF099758221B140500DD29D3 /* TextInputDimedViewController.swift */ = {isa = PBXFileReference; lastKnownFileType = sourcecode.swift; path = TextInputDimedViewController.swift; sourceTree = "<group>"; };
		EFB5A1C421E21E3400802F7E /* BlurView.swift */ = {isa = PBXFileReference; lastKnownFileType = sourcecode.swift; path = BlurView.swift; sourceTree = "<group>"; };
		EFB5A1C721E2212A00802F7E /* Login.storyboard */ = {isa = PBXFileReference; lastKnownFileType = file.storyboard; path = Login.storyboard; sourceTree = "<group>"; };
		EFB5A1C921E2213700802F7E /* LoginViewController.swift */ = {isa = PBXFileReference; lastKnownFileType = sourcecode.swift; path = LoginViewController.swift; sourceTree = "<group>"; };
		EFB5A1D021E2293A00802F7E /* UIView+ConvertImage.swift */ = {isa = PBXFileReference; lastKnownFileType = sourcecode.swift; path = "UIView+ConvertImage.swift"; sourceTree = "<group>"; };
		EFB5A1D221E22D1700802F7E /* KeyboardViewController.swift */ = {isa = PBXFileReference; lastKnownFileType = sourcecode.swift; path = KeyboardViewController.swift; sourceTree = "<group>"; };
		EFB5A1D821EE36A800802F7E /* Colors.xcassets */ = {isa = PBXFileReference; lastKnownFileType = folder.assetcatalog; path = Colors.xcassets; sourceTree = "<group>"; };
		EFC8AC9B21FC741F004B940A /* PresentError.swift */ = {isa = PBXFileReference; lastKnownFileType = sourcecode.swift; path = PresentError.swift; sourceTree = "<group>"; };
		EFC8AC9D21FC75CB004B940A /* UIView+FindViewController.swift */ = {isa = PBXFileReference; lastKnownFileType = sourcecode.swift; path = "UIView+FindViewController.swift"; sourceTree = "<group>"; };
		EFDEA172221466FB00B683B9 /* UIImage+Crop.swift */ = {isa = PBXFileReference; lastKnownFileType = sourcecode.swift; path = "UIImage+Crop.swift"; sourceTree = "<group>"; };
		EFE3801821FCF83700CB2DDF /* UIColor+ColorPicker.swift */ = {isa = PBXFileReference; lastKnownFileType = sourcecode.swift; path = "UIColor+ColorPicker.swift"; sourceTree = "<group>"; };
		EFEAE9C421DE3CAA00B7CCA8 /* pream.app */ = {isa = PBXFileReference; explicitFileType = wrapper.application; includeInIndex = 0; path = pream.app; sourceTree = BUILT_PRODUCTS_DIR; };
		EFEAE9C721DE3CAA00B7CCA8 /* AppDelegate.swift */ = {isa = PBXFileReference; lastKnownFileType = sourcecode.swift; path = AppDelegate.swift; sourceTree = "<group>"; };
		EFEAE9CC21DE3CAA00B7CCA8 /* Base */ = {isa = PBXFileReference; lastKnownFileType = file.storyboard; name = Base; path = Base.lproj/Main.storyboard; sourceTree = "<group>"; };
		EFEAE9CE21DE3CAC00B7CCA8 /* Assets.xcassets */ = {isa = PBXFileReference; lastKnownFileType = folder.assetcatalog; path = Assets.xcassets; sourceTree = "<group>"; };
		EFEAE9D121DE3CAC00B7CCA8 /* Base */ = {isa = PBXFileReference; lastKnownFileType = file.storyboard; name = Base; path = Base.lproj/LaunchScreen.storyboard; sourceTree = "<group>"; };
		EFEAE9D321DE3CAC00B7CCA8 /* Info.plist */ = {isa = PBXFileReference; lastKnownFileType = text.plist.xml; path = Info.plist; sourceTree = "<group>"; };
		EFEAE9DC21E20F3000B7CCA8 /* RoundView.swift */ = {isa = PBXFileReference; lastKnownFileType = sourcecode.swift; path = RoundView.swift; sourceTree = "<group>"; };
		EFEAE9DE21E20F8600B7CCA8 /* RoundButton.swift */ = {isa = PBXFileReference; lastKnownFileType = sourcecode.swift; path = RoundButton.swift; sourceTree = "<group>"; };
		EFEAE9E221E2160C00B7CCA8 /* Log.swift */ = {isa = PBXFileReference; lastKnownFileType = sourcecode.swift; path = Log.swift; sourceTree = "<group>"; };
		EFF00E102208491400865921 /* pream-Bridging-Header.h */ = {isa = PBXFileReference; lastKnownFileType = sourcecode.c.h; path = "pream-Bridging-Header.h"; sourceTree = "<group>"; };
		EFF00E112208491500865921 /* GPUImageBeautifyFilter.m */ = {isa = PBXFileReference; lastKnownFileType = sourcecode.c.objc; path = GPUImageBeautifyFilter.m; sourceTree = "<group>"; };
		EFF00E132208495000865921 /* GPUImageBeautifyFilter.h */ = {isa = PBXFileReference; lastKnownFileType = sourcecode.c.h; path = GPUImageBeautifyFilter.h; sourceTree = "<group>"; };
		EFF00E34221457BD00865921 /* CameraRatio.swift */ = {isa = PBXFileReference; lastKnownFileType = sourcecode.swift; path = CameraRatio.swift; sourceTree = "<group>"; };
/* End PBXFileReference section */

/* Begin PBXFrameworksBuildPhase section */
		EFEAE9C121DE3CAA00B7CCA8 /* Frameworks */ = {
			isa = PBXFrameworksBuildPhase;
			buildActionMask = 2147483647;
			files = (
				D1D41A82D695DE76E564E0B5 /* Pods_pream.framework in Frameworks */,
			);
			runOnlyForDeploymentPostprocessing = 0;
		};
/* End PBXFrameworksBuildPhase section */

/* Begin PBXGroup section */
		030F2A8921FC7E2E0066AEAC /* FilterView */ = {
			isa = PBXGroup;
			children = (
				030F2A8A21FC7E690066AEAC /* FilterCollectionViewCell.swift */,
				030F2A9821FC94960066AEAC /* FilterCollection.storyboard */,
				030F2A9A21FC95670066AEAC /* FilterCollectionViewController.swift */,
			);
			path = FilterView;
			sourceTree = "<group>";
		};
		034230622209F76B003CC91C /* FilterListView */ = {
			isa = PBXGroup;
			children = (
				034230632209F7F6003CC91C /* MyFilterCategory.storyboard */,
				03423065220A0482003CC91C /* MyFilterCategoryViewController.swift */,
				03423067220A0A4F003CC91C /* MyFilterCategoryCollectionViewCell.swift */,
				B8365F1D2219D36C00BA255C /* FilterList.storyboard */,
				B8365F1F2219D39500BA255C /* FilterListViewController.swift */,
				B8365F212219DF4000BA255C /* FilterTableViewCell.swift */,
			);
			path = FilterListView;
			sourceTree = "<group>";
		};
		2801250D0943AF45842BC22E /* Frameworks */ = {
			isa = PBXGroup;
			children = (
				68EF6112755CBDA5CC865C20 /* Pods_pream.framework */,
			);
			name = Frameworks;
			sourceTree = "<group>";
		};
		43CB9A42E4085DEF04CC1BBF /* Pods */ = {
			isa = PBXGroup;
			children = (
				3CBFE07F816140D178519767 /* Pods-pream.debug.xcconfig */,
				640295087D8A7D1B2B6F7153 /* Pods-pream.release.xcconfig */,
			);
			name = Pods;
			sourceTree = "<group>";
		};
		B84ECF42220B29C500B11954 /* FeedView */ = {
			isa = PBXGroup;
			children = (
				B84ECF43220B29EE00B11954 /* Feed.storyboard */,
				B84ECF45220B2A1D00B11954 /* FeedViewController.swift */,
				B815C657220B5977003885C0 /* UserFiltersTableViewCell.swift */,
			);
			path = FeedView;
			sourceTree = "<group>";
		};
		B8DACC7821F8753B006B6AE2 /* LibraryView */ = {
			isa = PBXGroup;
			children = (
				B8DACC7921F875B7006B6AE2 /* Library.storyboard */,
				B8DACC7B21F875DF006B6AE2 /* LibraryViewController.swift */,
				EF099758221B140500DD29D3 /* TextInputDimedViewController.swift */,
			);
			path = LibraryView;
			sourceTree = "<group>";
		};
		EF099751221B039C00DD29D3 /* FilterSettingView */ = {
			isa = PBXGroup;
			children = (
				EF099752221B03BD00DD29D3 /* FilterSetting.storyboard */,
				EF099754221B0CA900DD29D3 /* FilterSettingViewController.swift */,
			);
			path = FilterSettingView;
			sourceTree = "<group>";
		};
		EFB5A1C621E220A400802F7E /* LoginView */ = {
			isa = PBXGroup;
			children = (
				EFB5A1C721E2212A00802F7E /* Login.storyboard */,
				EFB5A1C921E2213700802F7E /* LoginViewController.swift */,
				03896F16221B0097003637C8 /* RegisterEmailViewController.swift */,
				03896F18221B03D4003637C8 /* RegisterPasswordViewController.swift */,
				03896F1C221B0419003637C8 /* RegisterNicknameViewController.swift */,
				03896F1E221B0483003637C8 /* RegisterPasswordCheckViewController.swift */,
				03896F20221B04AF003637C8 /* RegisterEmailCheckViewController.swift */,
			);
			path = LoginView;
			sourceTree = "<group>";
		};
		EFB5A1CD21E226C800802F7E /* Extension */ = {
			isa = PBXGroup;
			children = (
				EF099756221B126D00DD29D3 /* UIView+Extension.swift */,
				EFB5A1D021E2293A00802F7E /* UIView+ConvertImage.swift */,
				EFC8AC9D21FC75CB004B940A /* UIView+FindViewController.swift */,
				EFE3801821FCF83700CB2DDF /* UIColor+ColorPicker.swift */,
				EFDEA172221466FB00B683B9 /* UIImage+Crop.swift */,
			);
			path = Extension;
			sourceTree = "<group>";
		};
		EFEAE9BB21DE3CAA00B7CCA8 = {
			isa = PBXGroup;
			children = (
				EFEAE9C621DE3CAA00B7CCA8 /* pream */,
				EFEAE9C521DE3CAA00B7CCA8 /* Products */,
				43CB9A42E4085DEF04CC1BBF /* Pods */,
				2801250D0943AF45842BC22E /* Frameworks */,
			);
			sourceTree = "<group>";
		};
		EFEAE9C521DE3CAA00B7CCA8 /* Products */ = {
			isa = PBXGroup;
			children = (
				EFEAE9C421DE3CAA00B7CCA8 /* pream.app */,
			);
			name = Products;
			sourceTree = "<group>";
		};
		EFEAE9C621DE3CAA00B7CCA8 /* pream */ = {
			isa = PBXGroup;
			children = (
				EF099751221B039C00DD29D3 /* FilterSettingView */,
				B84ECF42220B29C500B11954 /* FeedView */,
				EFF00E0F220848FB00865921 /* Filters */,
				034230622209F76B003CC91C /* FilterListView */,
				030F2A8921FC7E2E0066AEAC /* FilterView */,
				EFEAE9CB21DE3CAA00B7CCA8 /* Main.storyboard */,
				EFB5A1C621E220A400802F7E /* LoginView */,
				EFEAE9E021E215B000B7CCA8 /* CameraMainView */,
				B8DACC7821F8753B006B6AE2 /* LibraryView */,
				EFEAE9DB21E20F1900B7CCA8 /* Common */,
				EFB5A1CD21E226C800802F7E /* Extension */,
				EFEAE9E421E2169400B7CCA8 /* Supports */,
			);
			path = pream;
			sourceTree = "<group>";
		};
		EFEAE9DB21E20F1900B7CCA8 /* Common */ = {
			isa = PBXGroup;
			children = (
				EFEAE9DC21E20F3000B7CCA8 /* RoundView.swift */,
				EFEAE9DE21E20F8600B7CCA8 /* RoundButton.swift */,
				EFEAE9E221E2160C00B7CCA8 /* Log.swift */,
				EFB5A1C421E21E3400802F7E /* BlurView.swift */,
				EFB5A1D221E22D1700802F7E /* KeyboardViewController.swift */,
				EFC8AC9B21FC741F004B940A /* PresentError.swift */,
				03D28F2822082FBB007C8B15 /* DimmedView.swift */,
				EFF00E34221457BD00865921 /* CameraRatio.swift */,
				B8FF0F63221B0EE300BA72CB /* RoundImageView.swift */,
			);
			path = Common;
			sourceTree = "<group>";
		};
		EFEAE9E021E215B000B7CCA8 /* CameraMainView */ = {
			isa = PBXGroup;
			children = (
				63D6211621DFA88000EF4059 /* CameraViewController.swift */,
			);
			path = CameraMainView;
			sourceTree = "<group>";
		};
		EFEAE9E421E2169400B7CCA8 /* Supports */ = {
			isa = PBXGroup;
			children = (
				EFEAE9C721DE3CAA00B7CCA8 /* AppDelegate.swift */,
				EFEAE9CE21DE3CAC00B7CCA8 /* Assets.xcassets */,
				EFB5A1D821EE36A800802F7E /* Colors.xcassets */,
				EFEAE9D021DE3CAC00B7CCA8 /* LaunchScreen.storyboard */,
				EFEAE9D321DE3CAC00B7CCA8 /* Info.plist */,
			);
			name = Supports;
			sourceTree = "<group>";
		};
		EFF00E0F220848FB00865921 /* Filters */ = {
			isa = PBXGroup;
			children = (
				EFF00E132208495000865921 /* GPUImageBeautifyFilter.h */,
				EFF00E112208491500865921 /* GPUImageBeautifyFilter.m */,
				EFF00E102208491400865921 /* pream-Bridging-Header.h */,
			);
			path = Filters;
			sourceTree = "<group>";
		};
/* End PBXGroup section */

/* Begin PBXNativeTarget section */
		EFEAE9C321DE3CAA00B7CCA8 /* pream */ = {
			isa = PBXNativeTarget;
			buildConfigurationList = EFEAE9D621DE3CAC00B7CCA8 /* Build configuration list for PBXNativeTarget "pream" */;
			buildPhases = (
				BAB693759DC82796167437CA /* [CP] Check Pods Manifest.lock */,
				EFEAE9D921DE3D2700B7CCA8 /* Swiftlint Autocorrect */,
				EFEAE9DA21DE3D3600B7CCA8 /* Swiftlint */,
				EFEAE9C021DE3CAA00B7CCA8 /* Sources */,
				EFEAE9C121DE3CAA00B7CCA8 /* Frameworks */,
				EFEAE9C221DE3CAA00B7CCA8 /* Resources */,
				7A775708593CC671272EAB6F /* [CP] Embed Pods Frameworks */,
			);
			buildRules = (
			);
			dependencies = (
			);
			name = pream;
			productName = pream;
			productReference = EFEAE9C421DE3CAA00B7CCA8 /* pream.app */;
			productType = "com.apple.product-type.application";
		};
/* End PBXNativeTarget section */

/* Begin PBXProject section */
		EFEAE9BC21DE3CAA00B7CCA8 /* Project object */ = {
			isa = PBXProject;
			attributes = {
				LastSwiftUpdateCheck = 1010;
				LastUpgradeCheck = 1010;
				ORGANIZATIONNAME = jercy;
				TargetAttributes = {
					EFEAE9C321DE3CAA00B7CCA8 = {
						CreatedOnToolsVersion = 10.1;
						LastSwiftMigration = 1010;
					};
				};
			};
			buildConfigurationList = EFEAE9BF21DE3CAA00B7CCA8 /* Build configuration list for PBXProject "pream" */;
			compatibilityVersion = "Xcode 9.3";
			developmentRegion = en;
			hasScannedForEncodings = 0;
			knownRegions = (
				en,
				Base,
			);
			mainGroup = EFEAE9BB21DE3CAA00B7CCA8;
			productRefGroup = EFEAE9C521DE3CAA00B7CCA8 /* Products */;
			projectDirPath = "";
			projectRoot = "";
			targets = (
				EFEAE9C321DE3CAA00B7CCA8 /* pream */,
			);
		};
/* End PBXProject section */

/* Begin PBXResourcesBuildPhase section */
		EFEAE9C221DE3CAA00B7CCA8 /* Resources */ = {
			isa = PBXResourcesBuildPhase;
			buildActionMask = 2147483647;
			files = (
				EFB5A1C821E2212A00802F7E /* Login.storyboard in Resources */,
				EFEAE9D221DE3CAC00B7CCA8 /* LaunchScreen.storyboard in Resources */,
				B84ECF44220B29EE00B11954 /* Feed.storyboard in Resources */,
				EF099753221B03BD00DD29D3 /* FilterSetting.storyboard in Resources */,
				EFB5A1D921EE36A800802F7E /* Colors.xcassets in Resources */,
				030F2A9921FC94960066AEAC /* FilterCollection.storyboard in Resources */,
				034230642209F7F6003CC91C /* MyFilterCategory.storyboard in Resources */,
				B8365F1E2219D36C00BA255C /* FilterList.storyboard in Resources */,
				EFEAE9CF21DE3CAC00B7CCA8 /* Assets.xcassets in Resources */,
				B8DACC7A21F875B7006B6AE2 /* Library.storyboard in Resources */,
				EFEAE9CD21DE3CAA00B7CCA8 /* Main.storyboard in Resources */,
			);
			runOnlyForDeploymentPostprocessing = 0;
		};
/* End PBXResourcesBuildPhase section */

/* Begin PBXShellScriptBuildPhase section */
		7A775708593CC671272EAB6F /* [CP] Embed Pods Frameworks */ = {
			isa = PBXShellScriptBuildPhase;
			buildActionMask = 2147483647;
			files = (
			);
			inputFileListPaths = (
			);
			inputPaths = (
				"${SRCROOT}/Pods/Target Support Files/Pods-pream/Pods-pream-frameworks.sh",
				"${BUILT_PRODUCTS_DIR}/Alamofire/Alamofire.framework",
				"${BUILT_PRODUCTS_DIR}/GPUImage/GPUImage.framework",
				"${BUILT_PRODUCTS_DIR}/Moya/Moya.framework",
				"${BUILT_PRODUCTS_DIR}/Result/Result.framework",
				"${BUILT_PRODUCTS_DIR}/SideMenu/SideMenu.framework",
				"${BUILT_PRODUCTS_DIR}/SnapKit/SnapKit.framework",
			);
			name = "[CP] Embed Pods Frameworks";
			outputFileListPaths = (
			);
			outputPaths = (
				"${TARGET_BUILD_DIR}/${FRAMEWORKS_FOLDER_PATH}/Alamofire.framework",
				"${TARGET_BUILD_DIR}/${FRAMEWORKS_FOLDER_PATH}/GPUImage.framework",
				"${TARGET_BUILD_DIR}/${FRAMEWORKS_FOLDER_PATH}/Moya.framework",
				"${TARGET_BUILD_DIR}/${FRAMEWORKS_FOLDER_PATH}/Result.framework",
				"${TARGET_BUILD_DIR}/${FRAMEWORKS_FOLDER_PATH}/SideMenu.framework",
				"${TARGET_BUILD_DIR}/${FRAMEWORKS_FOLDER_PATH}/SnapKit.framework",
			);
			runOnlyForDeploymentPostprocessing = 0;
			shellPath = /bin/sh;
			shellScript = "\"${SRCROOT}/Pods/Target Support Files/Pods-pream/Pods-pream-frameworks.sh\"\n";
			showEnvVarsInLog = 0;
		};
		BAB693759DC82796167437CA /* [CP] Check Pods Manifest.lock */ = {
			isa = PBXShellScriptBuildPhase;
			buildActionMask = 2147483647;
			files = (
			);
			inputFileListPaths = (
			);
			inputPaths = (
				"${PODS_PODFILE_DIR_PATH}/Podfile.lock",
				"${PODS_ROOT}/Manifest.lock",
			);
			name = "[CP] Check Pods Manifest.lock";
			outputFileListPaths = (
			);
			outputPaths = (
				"$(DERIVED_FILE_DIR)/Pods-pream-checkManifestLockResult.txt",
			);
			runOnlyForDeploymentPostprocessing = 0;
			shellPath = /bin/sh;
			shellScript = "diff \"${PODS_PODFILE_DIR_PATH}/Podfile.lock\" \"${PODS_ROOT}/Manifest.lock\" > /dev/null\nif [ $? != 0 ] ; then\n    # print error to STDERR\n    echo \"error: The sandbox is not in sync with the Podfile.lock. Run 'pod install' or update your CocoaPods installation.\" >&2\n    exit 1\nfi\n# This output is used by Xcode 'outputs' to avoid re-running this script phase.\necho \"SUCCESS\" > \"${SCRIPT_OUTPUT_FILE_0}\"\n";
			showEnvVarsInLog = 0;
		};
		EFEAE9D921DE3D2700B7CCA8 /* Swiftlint Autocorrect */ = {
			isa = PBXShellScriptBuildPhase;
			buildActionMask = 2147483647;
			files = (
			);
			inputFileListPaths = (
			);
			inputPaths = (
			);
			name = "Swiftlint Autocorrect";
			outputFileListPaths = (
			);
			outputPaths = (
			);
			runOnlyForDeploymentPostprocessing = 0;
			shellPath = /bin/sh;
			shellScript = "if which swiftlint >/dev/null; then\nswiftlint autocorrect\nelse\necho \"warning: SwiftLint not installed, download from https://github.com/realm/SwiftLint\"\nfi\n";
		};
		EFEAE9DA21DE3D3600B7CCA8 /* Swiftlint */ = {
			isa = PBXShellScriptBuildPhase;
			buildActionMask = 2147483647;
			files = (
			);
			inputFileListPaths = (
			);
			inputPaths = (
			);
			name = Swiftlint;
			outputFileListPaths = (
			);
			outputPaths = (
			);
			runOnlyForDeploymentPostprocessing = 0;
			shellPath = /bin/sh;
			shellScript = "if which swiftlint >/dev/null; then\nswiftlint\nelse\necho \"warning: SwiftLint not installed, download from https://github.com/realm/SwiftLint\"\nfi\n";
		};
/* End PBXShellScriptBuildPhase section */

/* Begin PBXSourcesBuildPhase section */
		EFEAE9C021DE3CAA00B7CCA8 /* Sources */ = {
			isa = PBXSourcesBuildPhase;
			buildActionMask = 2147483647;
			files = (
				030F2A9B21FC95670066AEAC /* FilterCollectionViewController.swift in Sources */,
				EFB5A1D321E22D1700802F7E /* KeyboardViewController.swift in Sources */,
				EF099755221B0CA900DD29D3 /* FilterSettingViewController.swift in Sources */,
				EFDEA173221466FB00B683B9 /* UIImage+Crop.swift in Sources */,
				B8DACC7C21F875DF006B6AE2 /* LibraryViewController.swift in Sources */,
				EFC8AC9E21FC75CB004B940A /* UIView+FindViewController.swift in Sources */,
				B815C658220B5977003885C0 /* UserFiltersTableViewCell.swift in Sources */,
				EFB5A1CA21E2213700802F7E /* LoginViewController.swift in Sources */,
				EFEAE9DF21E20F8600B7CCA8 /* RoundButton.swift in Sources */,
				EFF00E122208491500865921 /* GPUImageBeautifyFilter.m in Sources */,
				03D28F2922082FBB007C8B15 /* DimmedView.swift in Sources */,
				EFEAE9C821DE3CAA00B7CCA8 /* AppDelegate.swift in Sources */,
				EFEAE9E321E2160C00B7CCA8 /* Log.swift in Sources */,
				B8365F202219D39500BA255C /* FilterListViewController.swift in Sources */,
				03896F1F221B0483003637C8 /* RegisterPasswordCheckViewController.swift in Sources */,
				EF099757221B126D00DD29D3 /* UIView+Extension.swift in Sources */,
				03423066220A0482003CC91C /* MyFilterCategoryViewController.swift in Sources */,
				B8365F222219DF4000BA255C /* FilterTableViewCell.swift in Sources */,
				EFF00E35221457BD00865921 /* CameraRatio.swift in Sources */,
				B8FF0F64221B0EE300BA72CB /* RoundImageView.swift in Sources */,
				EFEAE9DD21E20F3000B7CCA8 /* RoundView.swift in Sources */,
				03896F19221B03D4003637C8 /* RegisterPasswordViewController.swift in Sources */,
				03896F1D221B0419003637C8 /* RegisterNicknameViewController.swift in Sources */,
				B84ECF46220B2A1D00B11954 /* FeedViewController.swift in Sources */,
				EFB5A1D121E2293A00802F7E /* UIView+ConvertImage.swift in Sources */,
				63D6211721DFA88000EF4059 /* CameraViewController.swift in Sources */,
				EF099759221B140500DD29D3 /* TextInputDimedViewController.swift in Sources */,
				EFE3801921FCF83700CB2DDF /* UIColor+ColorPicker.swift in Sources */,
				03423068220A0A4F003CC91C /* MyFilterCategoryCollectionViewCell.swift in Sources */,
				03896F17221B0097003637C8 /* RegisterEmailViewController.swift in Sources */,
				030F2A8C21FC7E690066AEAC /* FilterCollectionViewCell.swift in Sources */,
				EFB5A1C521E21E3400802F7E /* BlurView.swift in Sources */,
				EFC8AC9C21FC741F004B940A /* PresentError.swift in Sources */,
				03896F21221B04AF003637C8 /* RegisterEmailCheckViewController.swift in Sources */,
			);
			runOnlyForDeploymentPostprocessing = 0;
		};
/* End PBXSourcesBuildPhase section */

/* Begin PBXVariantGroup section */
		EFEAE9CB21DE3CAA00B7CCA8 /* Main.storyboard */ = {
			isa = PBXVariantGroup;
			children = (
				EFEAE9CC21DE3CAA00B7CCA8 /* Base */,
			);
			name = Main.storyboard;
			sourceTree = "<group>";
		};
		EFEAE9D021DE3CAC00B7CCA8 /* LaunchScreen.storyboard */ = {
			isa = PBXVariantGroup;
			children = (
				EFEAE9D121DE3CAC00B7CCA8 /* Base */,
			);
			name = LaunchScreen.storyboard;
			sourceTree = "<group>";
		};
/* End PBXVariantGroup section */

/* Begin XCBuildConfiguration section */
		EFEAE9D421DE3CAC00B7CCA8 /* Debug */ = {
			isa = XCBuildConfiguration;
			buildSettings = {
				ALWAYS_SEARCH_USER_PATHS = NO;
				CLANG_ANALYZER_NONNULL = YES;
				CLANG_ANALYZER_NUMBER_OBJECT_CONVERSION = YES_AGGRESSIVE;
				CLANG_CXX_LANGUAGE_STANDARD = "gnu++14";
				CLANG_CXX_LIBRARY = "libc++";
				CLANG_ENABLE_MODULES = YES;
				CLANG_ENABLE_OBJC_ARC = YES;
				CLANG_ENABLE_OBJC_WEAK = YES;
				CLANG_WARN_BLOCK_CAPTURE_AUTORELEASING = YES;
				CLANG_WARN_BOOL_CONVERSION = YES;
				CLANG_WARN_COMMA = YES;
				CLANG_WARN_CONSTANT_CONVERSION = YES;
				CLANG_WARN_DEPRECATED_OBJC_IMPLEMENTATIONS = YES;
				CLANG_WARN_DIRECT_OBJC_ISA_USAGE = YES_ERROR;
				CLANG_WARN_DOCUMENTATION_COMMENTS = YES;
				CLANG_WARN_EMPTY_BODY = YES;
				CLANG_WARN_ENUM_CONVERSION = YES;
				CLANG_WARN_INFINITE_RECURSION = YES;
				CLANG_WARN_INT_CONVERSION = YES;
				CLANG_WARN_NON_LITERAL_NULL_CONVERSION = YES;
				CLANG_WARN_OBJC_IMPLICIT_RETAIN_SELF = YES;
				CLANG_WARN_OBJC_LITERAL_CONVERSION = YES;
				CLANG_WARN_OBJC_ROOT_CLASS = YES_ERROR;
				CLANG_WARN_RANGE_LOOP_ANALYSIS = YES;
				CLANG_WARN_STRICT_PROTOTYPES = YES;
				CLANG_WARN_SUSPICIOUS_MOVE = YES;
				CLANG_WARN_UNGUARDED_AVAILABILITY = YES_AGGRESSIVE;
				CLANG_WARN_UNREACHABLE_CODE = YES;
				CLANG_WARN__DUPLICATE_METHOD_MATCH = YES;
				CODE_SIGN_IDENTITY = "iPhone Developer";
				COPY_PHASE_STRIP = NO;
				DEBUG_INFORMATION_FORMAT = dwarf;
				ENABLE_STRICT_OBJC_MSGSEND = YES;
				ENABLE_TESTABILITY = YES;
				GCC_C_LANGUAGE_STANDARD = gnu11;
				GCC_DYNAMIC_NO_PIC = NO;
				GCC_NO_COMMON_BLOCKS = YES;
				GCC_OPTIMIZATION_LEVEL = 0;
				GCC_PREPROCESSOR_DEFINITIONS = (
					"DEBUG=1",
					"$(inherited)",
				);
				GCC_WARN_64_TO_32_BIT_CONVERSION = YES;
				GCC_WARN_ABOUT_RETURN_TYPE = YES_ERROR;
				GCC_WARN_UNDECLARED_SELECTOR = YES;
				GCC_WARN_UNINITIALIZED_AUTOS = YES_AGGRESSIVE;
				GCC_WARN_UNUSED_FUNCTION = YES;
				GCC_WARN_UNUSED_VARIABLE = YES;
				IPHONEOS_DEPLOYMENT_TARGET = 12.1;
				MTL_ENABLE_DEBUG_INFO = INCLUDE_SOURCE;
				MTL_FAST_MATH = YES;
				ONLY_ACTIVE_ARCH = YES;
				SDKROOT = iphoneos;
				SWIFT_ACTIVE_COMPILATION_CONDITIONS = DEBUG;
				SWIFT_OPTIMIZATION_LEVEL = "-Onone";
			};
			name = Debug;
		};
		EFEAE9D521DE3CAC00B7CCA8 /* Release */ = {
			isa = XCBuildConfiguration;
			buildSettings = {
				ALWAYS_SEARCH_USER_PATHS = NO;
				CLANG_ANALYZER_NONNULL = YES;
				CLANG_ANALYZER_NUMBER_OBJECT_CONVERSION = YES_AGGRESSIVE;
				CLANG_CXX_LANGUAGE_STANDARD = "gnu++14";
				CLANG_CXX_LIBRARY = "libc++";
				CLANG_ENABLE_MODULES = YES;
				CLANG_ENABLE_OBJC_ARC = YES;
				CLANG_ENABLE_OBJC_WEAK = YES;
				CLANG_WARN_BLOCK_CAPTURE_AUTORELEASING = YES;
				CLANG_WARN_BOOL_CONVERSION = YES;
				CLANG_WARN_COMMA = YES;
				CLANG_WARN_CONSTANT_CONVERSION = YES;
				CLANG_WARN_DEPRECATED_OBJC_IMPLEMENTATIONS = YES;
				CLANG_WARN_DIRECT_OBJC_ISA_USAGE = YES_ERROR;
				CLANG_WARN_DOCUMENTATION_COMMENTS = YES;
				CLANG_WARN_EMPTY_BODY = YES;
				CLANG_WARN_ENUM_CONVERSION = YES;
				CLANG_WARN_INFINITE_RECURSION = YES;
				CLANG_WARN_INT_CONVERSION = YES;
				CLANG_WARN_NON_LITERAL_NULL_CONVERSION = YES;
				CLANG_WARN_OBJC_IMPLICIT_RETAIN_SELF = YES;
				CLANG_WARN_OBJC_LITERAL_CONVERSION = YES;
				CLANG_WARN_OBJC_ROOT_CLASS = YES_ERROR;
				CLANG_WARN_RANGE_LOOP_ANALYSIS = YES;
				CLANG_WARN_STRICT_PROTOTYPES = YES;
				CLANG_WARN_SUSPICIOUS_MOVE = YES;
				CLANG_WARN_UNGUARDED_AVAILABILITY = YES_AGGRESSIVE;
				CLANG_WARN_UNREACHABLE_CODE = YES;
				CLANG_WARN__DUPLICATE_METHOD_MATCH = YES;
				CODE_SIGN_IDENTITY = "iPhone Developer";
				COPY_PHASE_STRIP = NO;
				DEBUG_INFORMATION_FORMAT = "dwarf-with-dsym";
				ENABLE_NS_ASSERTIONS = NO;
				ENABLE_STRICT_OBJC_MSGSEND = YES;
				GCC_C_LANGUAGE_STANDARD = gnu11;
				GCC_NO_COMMON_BLOCKS = YES;
				GCC_WARN_64_TO_32_BIT_CONVERSION = YES;
				GCC_WARN_ABOUT_RETURN_TYPE = YES_ERROR;
				GCC_WARN_UNDECLARED_SELECTOR = YES;
				GCC_WARN_UNINITIALIZED_AUTOS = YES_AGGRESSIVE;
				GCC_WARN_UNUSED_FUNCTION = YES;
				GCC_WARN_UNUSED_VARIABLE = YES;
				IPHONEOS_DEPLOYMENT_TARGET = 12.1;
				MTL_ENABLE_DEBUG_INFO = NO;
				MTL_FAST_MATH = YES;
				SDKROOT = iphoneos;
				SWIFT_COMPILATION_MODE = wholemodule;
				SWIFT_OPTIMIZATION_LEVEL = "-O";
				VALIDATE_PRODUCT = YES;
			};
			name = Release;
		};
		EFEAE9D721DE3CAC00B7CCA8 /* Debug */ = {
			isa = XCBuildConfiguration;
			baseConfigurationReference = 3CBFE07F816140D178519767 /* Pods-pream.debug.xcconfig */;
			buildSettings = {
				ASSETCATALOG_COMPILER_APPICON_NAME = AppIcon;
				CLANG_ENABLE_MODULES = YES;
				CODE_SIGN_IDENTITY = "iPhone Developer";
				CODE_SIGN_STYLE = Manual;
				DEVELOPMENT_TEAM = TA757FA6NR;
				INFOPLIST_FILE = pream/Info.plist;
				IPHONEOS_DEPLOYMENT_TARGET = 11.0;
				LD_RUNPATH_SEARCH_PATHS = (
					"$(inherited)",
					"@executable_path/Frameworks",
				);
				PRODUCT_BUNDLE_IDENTIFIER = kr.co.mashup.pream;
				PRODUCT_NAME = "$(TARGET_NAME)";
				PROVISIONING_PROFILE_SPECIFIER = preamDev;
				SWIFT_OBJC_BRIDGING_HEADER = "pream/Filters/pream-Bridging-Header.h";
				SWIFT_OPTIMIZATION_LEVEL = "-Onone";
				SWIFT_VERSION = 4.2;
				TARGETED_DEVICE_FAMILY = "1,2";
			};
			name = Debug;
		};
		EFEAE9D821DE3CAC00B7CCA8 /* Release */ = {
			isa = XCBuildConfiguration;
			baseConfigurationReference = 640295087D8A7D1B2B6F7153 /* Pods-pream.release.xcconfig */;
			buildSettings = {
				ASSETCATALOG_COMPILER_APPICON_NAME = AppIcon;
				CLANG_ENABLE_MODULES = YES;
				CODE_SIGN_IDENTITY = "iPhone Developer";
				CODE_SIGN_STYLE = Manual;
				DEVELOPMENT_TEAM = "";
				INFOPLIST_FILE = pream/Info.plist;
				IPHONEOS_DEPLOYMENT_TARGET = 11.0;
				LD_RUNPATH_SEARCH_PATHS = (
					"$(inherited)",
					"@executable_path/Frameworks",
				);
				PRODUCT_BUNDLE_IDENTIFIER = kr.co.mashup.pream;
				PRODUCT_NAME = "$(TARGET_NAME)";
				PROVISIONING_PROFILE_SPECIFIER = "";
				SWIFT_OBJC_BRIDGING_HEADER = "pream/Filters/pream-Bridging-Header.h";
				SWIFT_VERSION = 4.2;
				TARGETED_DEVICE_FAMILY = "1,2";
			};
			name = Release;
		};
/* End XCBuildConfiguration section */

/* Begin XCConfigurationList section */
		EFEAE9BF21DE3CAA00B7CCA8 /* Build configuration list for PBXProject "pream" */ = {
			isa = XCConfigurationList;
			buildConfigurations = (
				EFEAE9D421DE3CAC00B7CCA8 /* Debug */,
				EFEAE9D521DE3CAC00B7CCA8 /* Release */,
			);
			defaultConfigurationIsVisible = 0;
			defaultConfigurationName = Release;
		};
		EFEAE9D621DE3CAC00B7CCA8 /* Build configuration list for PBXNativeTarget "pream" */ = {
			isa = XCConfigurationList;
			buildConfigurations = (
				EFEAE9D721DE3CAC00B7CCA8 /* Debug */,
				EFEAE9D821DE3CAC00B7CCA8 /* Release */,
			);
			defaultConfigurationIsVisible = 0;
			defaultConfigurationName = Release;
		};
/* End XCConfigurationList section */
	};
	rootObject = EFEAE9BC21DE3CAA00B7CCA8 /* Project object */;
}
